{
  "name": "@ethanresnick/tslint-config",
  "version": "5.9.4",
  "lockfileVersion": 1,
  "requires": true,
  "dependencies": {
    "@ethanresnick/tslint-rules": {
      "version": "1.0.0",
      "resolved": "https://registry.npmjs.org/@ethanresnick/tslint-rules/-/tslint-rules-1.0.0.tgz",
      "integrity": "sha512-wZkd+KXRtGan/7Oqb4RU+/4ZtdLDJKa7PbIGkCxxLwZW3xkxQBvdOaw9Wg6U3NGWhEWh1Xl8ai/yBEzr3W5Brw==",
      "requires": {
        "tsutils": "^2.12.1"
      }
    },
    "tslib": {
      "version": "1.9.1",
      "resolved": "https://registry.npmjs.org/tslib/-/tslib-1.9.1.tgz",
      "integrity": "sha512-avfPS28HmGLLc2o4elcc2EIq2FcH++Yo5YxpBZi9Yw93BCTGFthI4HPE4Rpep6vSYQaK8e69PelM44tPj+RaQg=="
    },
    "tsutils": {
      "version": "2.27.1",
      "resolved": "https://registry.npmjs.org/tsutils/-/tsutils-2.27.1.tgz",
      "integrity": "sha512-AE/7uzp32MmaHvNNFES85hhUDHFdFZp6OAiZcd6y4ZKKIg6orJTm8keYWBhIhrJQH3a4LzNKat7ZPXZt5aTf6w==",
      "requires": {
        "tslib": "^1.8.1"
      }
    }
  }
}
