{
  "name": "@ethanresnick/tslint-config",
  "version": "5.10.0",
  "lockfileVersion": 1,
  "requires": true,
  "dependencies": {
    "@ethanresnick/tslint-rules": {
      "version": "1.0.0",
      "resolved": "https://registry.npmjs.org/@ethanresnick/tslint-rules/-/tslint-rules-1.0.0.tgz",
      "integrity": "sha512-wZkd+KXRtGan/7Oqb4RU+/4ZtdLDJKa7PbIGkCxxLwZW3xkxQBvdOaw9Wg6U3NGWhEWh1Xl8ai/yBEzr3W5Brw==",
      "requires": {
        "tsutils": "^2.12.1"
      }
    },
    "immutable": {
      "version": "3.8.2",
      "resolved": "https://registry.npmjs.org/immutable/-/immutable-3.8.2.tgz",
      "integrity": "sha1-wkOZUUVbs5kT2vKBN28VMOEErfM="
    },
    "tslib": {
      "version": "1.9.1",
      "resolved": "https://registry.npmjs.org/tslib/-/tslib-1.9.1.tgz",
      "integrity": "sha512-avfPS28HmGLLc2o4elcc2EIq2FcH++Yo5YxpBZi9Yw93BCTGFthI4HPE4Rpep6vSYQaK8e69PelM44tPj+RaQg=="
    },
    "tslint-microsoft-contrib": {
      "version": "5.0.3",
      "resolved": "https://registry.npmjs.org/tslint-microsoft-contrib/-/tslint-microsoft-contrib-5.0.3.tgz",
      "integrity": "sha512-5AnfTGlfpUzpRHLmoojPBKFTTmbjnwgdaTHMdllausa4GBPya5u36i9ddrTX4PhetGZvd4JUYIpAmgHqVnsctg==",
      "requires": {
        "tsutils": "^2.12.1"
      }
    },
    "tslint-sonarts": {
      "version": "1.6.0",
      "resolved": "https://registry.npmjs.org/tslint-sonarts/-/tslint-sonarts-1.6.0.tgz",
      "integrity": "sha512-kfgUuVUwTidHkCVMKJhCCQMJOB76UuzuTd4eMjTUau5E3MYIdq+Qyv5LGCoWT6q/fJr6jb9Is96XJrfyfJ1+MA==",
      "requires": {
        "immutable": "^3.8.2"
      }
    },
    "tsutils": {
      "version": "2.27.1",
      "resolved": "https://registry.npmjs.org/tsutils/-/tsutils-2.27.1.tgz",
      "integrity": "sha512-AE/7uzp32MmaHvNNFES85hhUDHFdFZp6OAiZcd6y4ZKKIg6orJTm8keYWBhIhrJQH3a4LzNKat7ZPXZt5aTf6w==",
      "requires": {
        "tslib": "^1.8.1"
      }
    },
    "vrsource-tslint-rules": {
      "version": "github:ethanresnick/vrsource-tslint-rules#a2471acae8c9f4e21627b283665b9cb1669c89f3",
      "from": "github:ethanresnick/vrsource-tslint-rules#patch-1"
    }
  }
}
